
Microsoft Visual Studio Solution File, Format Version 12.00
# Visual Studio Version 16
VisualStudioVersion = 16.0.32106.194
MinimumVisualStudioVersion = 10.0.40219.1
Project("{FAE04EC0-301F-11D3-BF4B-00C04F79EFBC}") = "2lab", "2lab\2lab.csproj", "{340DD6D9-A85B-4471-B15C-593EC164770E}"
EndProject
Global
	GlobalSection(SolutionConfigurationPlatforms) = preSolution
		Debug|Any CPU = Debug|Any CPU
		Release|Any CPU = Release|Any CPU
	EndGlobalSection
	GlobalSection(ProjectConfigurationPlatforms) = postSolution
		{340DD6D9-A85B-4471-B15C-593EC164770E}.Debug|Any CPU.ActiveCfg = Debug|Any CPU
		{340DD6D9-A85B-4471-B15C-593EC164770E}.Debug|Any CPU.Build.0 = Debug|Any CPU
		{340DD6D9-A85B-4471-B15C-593EC164770E}.Release|Any CPU.ActiveCfg = Release|Any CPU
		{340DD6D9-A85B-4471-B15C-593EC164770E}.Release|Any CPU.Build.0 = Release|Any CPU
	EndGlobalSection
	GlobalSection(SolutionProperties) = preSolution
		HideSolutionNode = FALSE
	EndGlobalSection
	GlobalSection(ExtensibilityGlobals) = postSolution
		SolutionGuid = {B2AA70AF-0616-496B-8385-F86DF99BA3B2}
	EndGlobalSection
EndGlobal
